// !$*UTF8*$!
{
	archiveVersion = 1;
	classes = {
	};
	objectVersion = 46;
	objects = {

/* Begin PBXBuildFile section */
		5A58C4B91A8F7A7200CF08FA /* AppDelegate.swift in Sources */ = {isa = PBXBuildFile; fileRef = 5A58C4B81A8F7A7200CF08FA /* AppDelegate.swift */; };
		5A58C4BB1A8F7A7200CF08FA /* GameScene.sks in Resources */ = {isa = PBXBuildFile; fileRef = 5A58C4BA1A8F7A7200CF08FA /* GameScene.sks */; };
		5A58C4BD1A8F7A7200CF08FA /* GameScene.swift in Sources */ = {isa = PBXBuildFile; fileRef = 5A58C4BC1A8F7A7200CF08FA /* GameScene.swift */; };
		5A58C4BF1A8F7A7200CF08FA /* GameViewController.swift in Sources */ = {isa = PBXBuildFile; fileRef = 5A58C4BE1A8F7A7200CF08FA /* GameViewController.swift */; };
		5A58C4C21A8F7A7200CF08FA /* Main.storyboard in Resources */ = {isa = PBXBuildFile; fileRef = 5A58C4C01A8F7A7200CF08FA /* Main.storyboard */; };
		5A58C4C41A8F7A7200CF08FA /* Images.xcassets in Resources */ = {isa = PBXBuildFile; fileRef = 5A58C4C31A8F7A7200CF08FA /* Images.xcassets */; };
		5A58C4C71A8F7A7200CF08FA /* LaunchScreen.xib in Resources */ = {isa = PBXBuildFile; fileRef = 5A58C4C51A8F7A7200CF08FA /* LaunchScreen.xib */; };
		5A58C4D31A8F7A7200CF08FA /* Flappy_Bird_CloneTests.swift in Sources */ = {isa = PBXBuildFile; fileRef = 5A58C4D21A8F7A7200CF08FA /* Flappy_Bird_CloneTests.swift */; };
/* End PBXBuildFile section */

/* Begin PBXContainerItemProxy section */
		5A58C4CD1A8F7A7200CF08FA /* PBXContainerItemProxy */ = {
			isa = PBXContainerItemProxy;
			containerPortal = 5A58C4AB1A8F7A7200CF08FA /* Project object */;
			proxyType = 1;
			remoteGlobalIDString = 5A58C4B21A8F7A7200CF08FA;
			remoteInfo = "Flappy Bird Clone";
		};
/* End PBXContainerItemProxy section */

/* Begin PBXFileReference section */
		5A58C4B31A8F7A7200CF08FA /* Flappy Bird Clone.app */ = {isa = PBXFileReference; explicitFileType = wrapper.application; includeInIndex = 0; path = "Flappy Bird Clone.app"; sourceTree = BUILT_PRODUCTS_DIR; };
		5A58C4B71A8F7A7200CF08FA /* Info.plist */ = {isa = PBXFileReference; lastKnownFileType = text.plist.xml; path = Info.plist; sourceTree = "<group>"; };
		5A58C4B81A8F7A7200CF08FA /* AppDelegate.swift */ = {isa = PBXFileReference; lastKnownFileType = sourcecode.swift; path = AppDelegate.swift; sourceTree = "<group>"; };
		5A58C4BA1A8F7A7200CF08FA /* GameScene.sks */ = {isa = PBXFileReference; lastKnownFileType = file.sks; path = GameScene.sks; sourceTree = "<group>"; };
		5A58C4BC1A8F7A7200CF08FA /* GameScene.swift */ = {isa = PBXFileReference; lastKnownFileType = sourcecode.swift; path = GameScene.swift; sourceTree = "<group>"; };
		5A58C4BE1A8F7A7200CF08FA /* GameViewController.swift */ = {isa = PBXFileReference; lastKnownFileType = sourcecode.swift; path = GameViewController.swift; sourceTree = "<group>"; };
		5A58C4C11A8F7A7200CF08FA /* Base */ = {isa = PBXFileReference; lastKnownFileType = file.storyboard; name = Base; path = Base.lproj/Main.storyboard; sourceTree = "<group>"; };
		5A58C4C31A8F7A7200CF08FA /* Images.xcassets */ = {isa = PBXFileReference; lastKnownFileType = folder.assetcatalog; path = Images.xcassets; sourceTree = "<group>"; };
		5A58C4C61A8F7A7200CF08FA /* Base */ = {isa = PBXFileReference; lastKnownFileType = file.xib; name = Base; path = Base.lproj/LaunchScreen.xib; sourceTree = "<group>"; };
		5A58C4CC1A8F7A7200CF08FA /* Flappy Bird CloneTests.xctest */ = {isa = PBXFileReference; explicitFileType = wrapper.cfbundle; includeInIndex = 0; path = "Flappy Bird CloneTests.xctest"; sourceTree = BUILT_PRODUCTS_DIR; };
		5A58C4D11A8F7A7200CF08FA /* Info.plist */ = {isa = PBXFileReference; lastKnownFileType = text.plist.xml; path = Info.plist; sourceTree = "<group>"; };
		5A58C4D21A8F7A7200CF08FA /* Flappy_Bird_CloneTests.swift */ = {isa = PBXFileReference; lastKnownFileType = sourcecode.swift; path = Flappy_Bird_CloneTests.swift; sourceTree = "<group>"; };
/* End PBXFileReference section */

/* Begin PBXFrameworksBuildPhase section */
		5A58C4B01A8F7A7200CF08FA /* Frameworks */ = {
			isa = PBXFrameworksBuildPhase;
			buildActionMask = 2147483647;
			files = (
			);
			runOnlyForDeploymentPostprocessing = 0;
		};
		5A58C4C91A8F7A7200CF08FA /* Frameworks */ = {
			isa = PBXFrameworksBuildPhase;
			buildActionMask = 2147483647;
			files = (
			);
			runOnlyForDeploymentPostprocessing = 0;
		};
/* End PBXFrameworksBuildPhase section */

/* Begin PBXGroup section */
		5A58C4AA1A8F7A7200CF08FA = {
			isa = PBXGroup;
			children = (
				5A58C4B51A8F7A7200CF08FA /* Flappy Bird Clone */,
				5A58C4CF1A8F7A7200CF08FA /* Flappy Bird CloneTests */,
				5A58C4B41A8F7A7200CF08FA /* Products */,
			);
			sourceTree = "<group>";
		};
		5A58C4B41A8F7A7200CF08FA /* Products */ = {
			isa = PBXGroup;
			children = (
				5A58C4B31A8F7A7200CF08FA /* Flappy Bird Clone.app */,
				5A58C4CC1A8F7A7200CF08FA /* Flappy Bird CloneTests.xctest */,
			);
			name = Products;
			sourceTree = "<group>";
		};
		5A58C4B51A8F7A7200CF08FA /* Flappy Bird Clone */ = {
			isa = PBXGroup;
			children = (
				5A58C4B81A8F7A7200CF08FA /* AppDelegate.swift */,
				5A58C4BA1A8F7A7200CF08FA /* GameScene.sks */,
				5A58C4BC1A8F7A7200CF08FA /* GameScene.swift */,
				5A58C4BE1A8F7A7200CF08FA /* GameViewController.swift */,
				5A58C4C01A8F7A7200CF08FA /* Main.storyboard */,
				5A58C4C31A8F7A7200CF08FA /* Images.xcassets */,
				5A58C4C51A8F7A7200CF08FA /* LaunchScreen.xib */,
				5A58C4B61A8F7A7200CF08FA /* Supporting Files */,
			);
			path = "Flappy Bird Clone";
			sourceTree = "<group>";
		};
		5A58C4B61A8F7A7200CF08FA /* Supporting Files */ = {
			isa = PBXGroup;
			children = (
				5A58C4B71A8F7A7200CF08FA /* Info.plist */,
			);
			name = "Supporting Files";
			sourceTree = "<group>";
		};
		5A58C4CF1A8F7A7200CF08FA /* Flappy Bird CloneTests */ = {
			isa = PBXGroup;
			children = (
				5A58C4D21A8F7A7200CF08FA /* Flappy_Bird_CloneTests.swift */,
				5A58C4D01A8F7A7200CF08FA /* Supporting Files */,
			);
			path = "Flappy Bird CloneTests";
			sourceTree = "<group>";
		};
		5A58C4D01A8F7A7200CF08FA /* Supporting Files */ = {
			isa = PBXGroup;
			children = (
				5A58C4D11A8F7A7200CF08FA /* Info.plist */,
			);
			name = "Supporting Files";
			sourceTree = "<group>";
		};
/* End PBXGroup section */

/* Begin PBXNativeTarget section */
		5A58C4B21A8F7A7200CF08FA /* Flappy Bird Clone */ = {
			isa = PBXNativeTarget;
			buildConfigurationList = 5A58C4D61A8F7A7200CF08FA /* Build configuration list for PBXNativeTarget "Flappy Bird Clone" */;
			buildPhases = (
				5A58C4AF1A8F7A7200CF08FA /* Sources */,
				5A58C4B01A8F7A7200CF08FA /* Frameworks */,
				5A58C4B11A8F7A7200CF08FA /* Resources */,
			);
			buildRules = (
			);
			dependencies = (
			);
			name = "Flappy Bird Clone";
			productName = "Flappy Bird Clone";
			productReference = 5A58C4B31A8F7A7200CF08FA /* Flappy Bird Clone.app */;
			productType = "com.apple.product-type.application";
		};
		5A58C4CB1A8F7A7200CF08FA /* Flappy Bird CloneTests */ = {
			isa = PBXNativeTarget;
			buildConfigurationList = 5A58C4D91A8F7A7200CF08FA /* Build configuration list for PBXNativeTarget "Flappy Bird CloneTests" */;
			buildPhases = (
				5A58C4C81A8F7A7200CF08FA /* Sources */,
				5A58C4C91A8F7A7200CF08FA /* Frameworks */,
				5A58C4CA1A8F7A7200CF08FA /* Resources */,
			);
			buildRules = (
			);
			dependencies = (
				5A58C4CE1A8F7A7200CF08FA /* PBXTargetDependency */,
			);
			name = "Flappy Bird CloneTests";
			productName = "Flappy Bird CloneTests";
			productReference = 5A58C4CC1A8F7A7200CF08FA /* Flappy Bird CloneTests.xctest */;
			productType = "com.apple.product-type.bundle.unit-test";
		};
/* End PBXNativeTarget section */

/* Begin PBXProject section */
		5A58C4AB1A8F7A7200CF08FA /* Project object */ = {
			isa = PBXProject;
			attributes = {
				LastUpgradeCheck = 0620;
				ORGANIZATIONNAME = "Richard Tyran";
				TargetAttributes = {
					5A58C4B21A8F7A7200CF08FA = {
						CreatedOnToolsVersion = 6.2;
					};
					5A58C4CB1A8F7A7200CF08FA = {
						CreatedOnToolsVersion = 6.2;
						TestTargetID = 5A58C4B21A8F7A7200CF08FA;
					};
				};
			};
			buildConfigurationList = 5A58C4AE1A8F7A7200CF08FA /* Build configuration list for PBXProject "Flappy Bird Clone" */;
			compatibilityVersion = "Xcode 3.2";
			developmentRegion = English;
			hasScannedForEncodings = 0;
			knownRegions = (
				en,
				Base,
			);
			mainGroup = 5A58C4AA1A8F7A7200CF08FA;
			productRefGroup = 5A58C4B41A8F7A7200CF08FA /* Products */;
			projectDirPath = "";
			projectRoot = "";
			targets = (
				5A58C4B21A8F7A7200CF08FA /* Flappy Bird Clone */,
				5A58C4CB1A8F7A7200CF08FA /* Flappy Bird CloneTests */,
			);
		};
/* End PBXProject section */

/* Begin PBXResourcesBuildPhase section */
		5A58C4B11A8F7A7200CF08FA /* Resources */ = {
			isa = PBXResourcesBuildPhase;
			buildActionMask = 2147483647;
			files = (
				5A58C4C71A8F7A7200CF08FA /* LaunchScreen.xib in Resources */,
				5A58C4C41A8F7A7200CF08FA /* Images.xcassets in Resources */,
				5A58C4BB1A8F7A7200CF08FA /* GameScene.sks in Resources */,
				5A58C4C21A8F7A7200CF08FA /* Main.storyboard in Resources */,
			);
			runOnlyForDeploymentPostprocessing = 0;
		};
		5A58C4CA1A8F7A7200CF08FA /* Resources */ = {
			isa = PBXResourcesBuildPhase;
			buildActionMask = 2147483647;
			files = (
			);
			runOnlyForDeploymentPostprocessing = 0;
		};
/* End PBXResourcesBuildPhase section */

/* Begin PBXSourcesBuildPhase section */
		5A58C4AF1A8F7A7200CF08FA /* Sources */ = {
			isa = PBXSourcesBuildPhase;
			buildActionMask = 2147483647;
			files = (
				5A58C4BD1A8F7A7200CF08FA /* GameScene.swift in Sources */,
				5A58C4BF1A8F7A7200CF08FA /* GameViewController.swift in Sources */,
				5A58C4B91A8F7A7200CF08FA /* AppDelegate.swift in Sources */,
			);
			runOnlyForDeploymentPostprocessing = 0;
		};
		5A58C4C81A8F7A7200CF08FA /* Sources */ = {
			isa = PBXSourcesBuildPhase;
			buildActionMask = 2147483647;
			files = (
				5A58C4D31A8F7A7200CF08FA /* Flappy_Bird_CloneTests.swift in Sources */,
			);
			runOnlyForDeploymentPostprocessing = 0;
		};
/* End PBXSourcesBuildPhase section */

/* Begin PBXTargetDependency section */
		5A58C4CE1A8F7A7200CF08FA /* PBXTargetDependency */ = {
			isa = PBXTargetDependency;
			target = 5A58C4B21A8F7A7200CF08FA /* Flappy Bird Clone */;
			targetProxy = 5A58C4CD1A8F7A7200CF08FA /* PBXContainerItemProxy */;
		};
/* End PBXTargetDependency section */

/* Begin PBXVariantGroup section */
		5A58C4C01A8F7A7200CF08FA /* Main.storyboard */ = {
			isa = PBXVariantGroup;
			children = (
				5A58C4C11A8F7A7200CF08FA /* Base */,
			);
			name = Main.storyboard;
			sourceTree = "<group>";
		};
		5A58C4C51A8F7A7200CF08FA /* LaunchScreen.xib */ = {
			isa = PBXVariantGroup;
			children = (
				5A58C4C61A8F7A7200CF08FA /* Base */,
			);
			name = LaunchScreen.xib;
			sourceTree = "<group>";
		};
/* End PBXVariantGroup section */

/* Begin XCBuildConfiguration section */
		5A58C4D41A8F7A7200CF08FA /* Debug */ = {
			isa = XCBuildConfiguration;
			buildSettings = {
				ALWAYS_SEARCH_USER_PATHS = NO;
				CLANG_CXX_LANGUAGE_STANDARD = "gnu++0x";
				CLANG_CXX_LIBRARY = "libc++";
				CLANG_ENABLE_MODULES = YES;
				CLANG_ENABLE_OBJC_ARC = YES;
				CLANG_WARN_BOOL_CONVERSION = YES;
				CLANG_WARN_CONSTANT_CONVERSION = YES;
				CLANG_WARN_DIRECT_OBJC_ISA_USAGE = YES_ERROR;
				CLANG_WARN_EMPTY_BODY = YES;
				CLANG_WARN_ENUM_CONVERSION = YES;
				CLANG_WARN_INT_CONVERSION = YES;
				CLANG_WARN_OBJC_ROOT_CLASS = YES_ERROR;
				CLANG_WARN_UNREACHABLE_CODE = YES;
				CLANG_WARN__DUPLICATE_METHOD_MATCH = YES;
				"CODE_SIGN_IDENTITY[sdk=iphoneos*]" = "iPhone Developer";
				COPY_PHASE_STRIP = NO;
				ENABLE_STRICT_OBJC_MSGSEND = YES;
				GCC_C_LANGUAGE_STANDARD = gnu99;
				GCC_DYNAMIC_NO_PIC = NO;
				GCC_OPTIMIZATION_LEVEL = 0;
				GCC_PREPROCESSOR_DEFINITIONS = (
					"DEBUG=1",
					"$(inherited)",
				);
				GCC_SYMBOLS_PRIVATE_EXTERN = NO;
				GCC_WARN_64_TO_32_BIT_CONVERSION = YES;
				GCC_WARN_ABOUT_RETURN_TYPE = YES_ERROR;
				GCC_WARN_UNDECLARED_SELECTOR = YES;
				GCC_WARN_UNINITIALIZED_AUTOS = YES_AGGRESSIVE;
				GCC_WARN_UNUSED_FUNCTION = YES;
				GCC_WARN_UNUSED_VARIABLE = YES;
				IPHONEOS_DEPLOYMENT_TARGET = 8.2;
				MTL_ENABLE_DEBUG_INFO = YES;
				ONLY_ACTIVE_ARCH = YES;
				SDKROOT = iphoneos;
				SWIFT_OPTIMIZATION_LEVEL = "-Onone";
				TARGETED_DEVICE_FAMILY = "1,2";
			};
			name = Debug;
		};
		5A58C4D51A8F7A7200CF08FA /* Release */ = {
			isa = XCBuildConfiguration;
			buildSettings = {
				ALWAYS_SEARCH_USER_PATHS = NO;
				CLANG_CXX_LANGUAGE_STANDARD = "gnu++0x";
				CLANG_CXX_LIBRARY = "libc++";
				CLANG_ENABLE_MODULES = YES;
				CLANG_ENABLE_OBJC_ARC = YES;
				CLANG_WARN_BOOL_CONVERSION = YES;
				CLANG_WARN_CONSTANT_CONVERSION = YES;
				CLANG_WARN_DIRECT_OBJC_ISA_USAGE = YES_ERROR;
				CLANG_WARN_EMPTY_BODY = YES;
				CLANG_WARN_ENUM_CONVERSION = YES;
				CLANG_WARN_INT_CONVERSION = YES;
				CLANG_WARN_OBJC_ROOT_CLASS = YES_ERROR;
				CLANG_WARN_UNREACHABLE_CODE = YES;
				CLANG_WARN__DUPLICATE_METHOD_MATCH = YES;
				"CODE_SIGN_IDENTITY[sdk=iphoneos*]" = "iPhone Developer";
				COPY_PHASE_STRIP = YES;
				ENABLE_NS_ASSERTIONS = NO;
				ENABLE_STRICT_OBJC_MSGSEND = YES;
				GCC_C_LANGUAGE_STANDARD = gnu99;
				GCC_WARN_64_TO_32_BIT_CONVERSION = YES;
				GCC_WARN_ABOUT_RETURN_TYPE = YES_ERROR;
				GCC_WARN_UNDECLARED_SELECTOR = YES;
				GCC_WARN_UNINITIALIZED_AUTOS = YES_AGGRESSIVE;
				GCC_WARN_UNUSED_FUNCTION = YES;
				GCC_WARN_UNUSED_VARIABLE = YES;
				IPHONEOS_DEPLOYMENT_TARGET = 8.2;
				MTL_ENABLE_DEBUG_INFO = NO;
				SDKROOT = iphoneos;
				TARGETED_DEVICE_FAMILY = "1,2";
				VALIDATE_PRODUCT = YES;
			};
			name = Release;
		};
		5A58C4D71A8F7A7200CF08FA /* Debug */ = {
			isa = XCBuildConfiguration;
			buildSettings = {
				ASSETCATALOG_COMPILER_APPICON_NAME = AppIcon;
				INFOPLIST_FILE = "Flappy Bird Clone/Info.plist";
				LD_RUNPATH_SEARCH_PATHS = "$(inherited) @executable_path/Frameworks";
				PRODUCT_NAME = "$(TARGET_NAME)";
			};
			name = Debug;
		};
		5A58C4D81A8F7A7200CF08FA /* Release */ = {
			isa = XCBuildConfiguration;
			buildSettings = {
				ASSETCATALOG_COMPILER_APPICON_NAME = AppIcon;
				INFOPLIST_FILE = "Flappy Bird Clone/Info.plist";
				LD_RUNPATH_SEARCH_PATHS = "$(inherited) @executable_path/Frameworks";
				PRODUCT_NAME = "$(TARGET_NAME)";
			};
			name = Release;
		};
		5A58C4DA1A8F7A7200CF08FA /* Debug */ = {
			isa = XCBuildConfiguration;
			buildSettings = {
				BUNDLE_LOADER = "$(TEST_HOST)";
				FRAMEWORK_SEARCH_PATHS = (
					"$(SDKROOT)/Developer/Library/Frameworks",
					"$(inherited)",
				);
				GCC_PREPROCESSOR_DEFINITIONS = (
					"DEBUG=1",
					"$(inherited)",
				);
				INFOPLIST_FILE = "Flappy Bird CloneTests/Info.plist";
				LD_RUNPATH_SEARCH_PATHS = "$(inherited) @executable_path/Frameworks @loader_path/Frameworks";
				PRODUCT_NAME = "$(TARGET_NAME)";
				TEST_HOST = "$(BUILT_PRODUCTS_DIR)/Flappy Bird Clone.app/Flappy Bird Clone";
			};
			name = Debug;
		};
		5A58C4DB1A8F7A7200CF08FA /* Release */ = {
			isa = XCBuildConfiguration;
			buildSettings = {
				BUNDLE_LOADER = "$(TEST_HOST)";
				FRAMEWORK_SEARCH_PATHS = (
					"$(SDKROOT)/Developer/Library/Frameworks",
					"$(inherited)",
				);
				INFOPLIST_FILE = "Flappy Bird CloneTests/Info.plist";
				LD_RUNPATH_SEARCH_PATHS = "$(inherited) @executable_path/Frameworks @loader_path/Frameworks";
				PRODUCT_NAME = "$(TARGET_NAME)";
				TEST_HOST = "$(BUILT_PRODUCTS_DIR)/Flappy Bird Clone.app/Flappy Bird Clone";
			};
			name = Release;
		};
/* End XCBuildConfiguration section */

/* Begin XCConfigurationList section */
		5A58C4AE1A8F7A7200CF08FA /* Build configuration list for PBXProject "Flappy Bird Clone" */ = {
			isa = XCConfigurationList;
			buildConfigurations = (
				5A58C4D41A8F7A7200CF08FA /* Debug */,
				5A58C4D51A8F7A7200CF08FA /* Release */,
			);
			defaultConfigurationIsVisible = 0;
			defaultConfigurationName = Release;
		};
		5A58C4D61A8F7A7200CF08FA /* Build configuration list for PBXNativeTarget "Flappy Bird Clone" */ = {
			isa = XCConfigurationList;
			buildConfigurations = (
				5A58C4D71A8F7A7200CF08FA /* Debug */,
				5A58C4D81A8F7A7200CF08FA /* Release */,
			);
			defaultConfigurationIsVisible = 0;
		};
		5A58C4D91A8F7A7200CF08FA /* Build configuration list for PBXNativeTarget "Flappy Bird CloneTests" */ = {
			isa = XCConfigurationList;
			buildConfigurations = (
				5A58C4DA1A8F7A7200CF08FA /* Debug */,
				5A58C4DB1A8F7A7200CF08FA /* Release */,
			);
			defaultConfigurationIsVisible = 0;
		};
/* End XCConfigurationList section */
	};
	rootObject = 5A58C4AB1A8F7A7200CF08FA /* Project object */;
}
